
Microsoft Visual Studio Solution File, Format Version 12.00
# Visual Studio 15
VisualStudioVersion = 15.0.27130.2036
MinimumVisualStudioVersion = 10.0.40219.1
Project("{FAE04EC0-301F-11D3-BF4B-00C04F79EFBC}") = "PhoneBook.WebAPI", "PhoneBook.WebAPI\PhoneBook.WebAPI.csproj", "{D300E144-42CF-44BB-BC76-20FE6F551013}"
EndProject
Project("{E53339B2-1760-4266-BCC7-CA923CBCF16C}") = "docker-compose", "docker-compose.dcproj", "{8FB58ED5-AB78-4ABD-9399-A4647C0A4ABE}"
EndProject
Project("{FAE04EC0-301F-11D3-BF4B-00C04F79EFBC}") = "PhoneBook.Contract", "PhoneBook.Contract\PhoneBook.Contract.csproj", "{22F02D0A-95EC-4FB6-97F7-D3774EAA3695}"
EndProject
Project("{FAE04EC0-301F-11D3-BF4B-00C04F79EFBC}") = "PhoneBook.Business", "PhoneBook.Business\PhoneBook.Business.csproj", "{09728D46-1646-4F94-B849-F77327C707F0}"
EndProject
Project("{FAE04EC0-301F-11D3-BF4B-00C04F79EFBC}") = "PhoneBook.Persistence", "PhoneBook.Persistence\PhoneBook.Persistence.csproj", "{8D53EDE6-DFE2-495B-B104-E5396C979E46}"
EndProject
Global
	GlobalSection(SolutionConfigurationPlatforms) = preSolution
		Debug|Any CPU = Debug|Any CPU
		Release|Any CPU = Release|Any CPU
	EndGlobalSection
	GlobalSection(ProjectConfigurationPlatforms) = postSolution
		{D300E144-42CF-44BB-BC76-20FE6F551013}.Debug|Any CPU.ActiveCfg = Debug|Any CPU
		{D300E144-42CF-44BB-BC76-20FE6F551013}.Debug|Any CPU.Build.0 = Debug|Any CPU
		{D300E144-42CF-44BB-BC76-20FE6F551013}.Release|Any CPU.ActiveCfg = Release|Any CPU
		{D300E144-42CF-44BB-BC76-20FE6F551013}.Release|Any CPU.Build.0 = Release|Any CPU
		{8FB58ED5-AB78-4ABD-9399-A4647C0A4ABE}.Debug|Any CPU.ActiveCfg = Debug|Any CPU
		{8FB58ED5-AB78-4ABD-9399-A4647C0A4ABE}.Debug|Any CPU.Build.0 = Debug|Any CPU
		{8FB58ED5-AB78-4ABD-9399-A4647C0A4ABE}.Release|Any CPU.ActiveCfg = Release|Any CPU
		{8FB58ED5-AB78-4ABD-9399-A4647C0A4ABE}.Release|Any CPU.Build.0 = Release|Any CPU
		{22F02D0A-95EC-4FB6-97F7-D3774EAA3695}.Debug|Any CPU.ActiveCfg = Debug|Any CPU
		{22F02D0A-95EC-4FB6-97F7-D3774EAA3695}.Debug|Any CPU.Build.0 = Debug|Any CPU
		{22F02D0A-95EC-4FB6-97F7-D3774EAA3695}.Release|Any CPU.ActiveCfg = Release|Any CPU
		{22F02D0A-95EC-4FB6-97F7-D3774EAA3695}.Release|Any CPU.Build.0 = Release|Any CPU
		{09728D46-1646-4F94-B849-F77327C707F0}.Debug|Any CPU.ActiveCfg = Debug|Any CPU
		{09728D46-1646-4F94-B849-F77327C707F0}.Debug|Any CPU.Build.0 = Debug|Any CPU
		{09728D46-1646-4F94-B849-F77327C707F0}.Release|Any CPU.ActiveCfg = Release|Any CPU
		{09728D46-1646-4F94-B849-F77327C707F0}.Release|Any CPU.Build.0 = Release|Any CPU
		{8D53EDE6-DFE2-495B-B104-E5396C979E46}.Debug|Any CPU.ActiveCfg = Debug|Any CPU
		{8D53EDE6-DFE2-495B-B104-E5396C979E46}.Debug|Any CPU.Build.0 = Debug|Any CPU
		{8D53EDE6-DFE2-495B-B104-E5396C979E46}.Release|Any CPU.ActiveCfg = Release|Any CPU
		{8D53EDE6-DFE2-495B-B104-E5396C979E46}.Release|Any CPU.Build.0 = Release|Any CPU
	EndGlobalSection
	GlobalSection(SolutionProperties) = preSolution
		HideSolutionNode = FALSE
	EndGlobalSection
	GlobalSection(ExtensibilityGlobals) = postSolution
		SolutionGuid = {271BC12D-CB05-4F00-9F36-1C3C254E9DE9}
	EndGlobalSection
EndGlobal
